
Microsoft Visual Studio Solution File, Format Version 12.00
# Visual Studio Version 16
VisualStudioVersion = 16.0.31205.134
MinimumVisualStudioVersion = 10.0.40219.1
Project("{FAE04EC0-301F-11D3-BF4B-00C04F79EFBC}") = "InsuranceSample.Web", "InsuranceSample.Web.csproj", "{1B9E4FD5-49F2-4DAE-A77D-AD367F35835D}"
EndProject
Project("{FAE04EC0-301F-11D3-BF4B-00C04F79EFBC}") = "InsuranceSample.Domain", "..\InsuranceSample.domain\InsuranceSample.Domain.csproj", "{4E68FE6C-EC93-478A-89A3-13AC09C99C81}"
EndProject
Project("{FAE04EC0-301F-11D3-BF4B-00C04F79EFBC}") = "InsuranceSample.Infrastructure", "..\InsuranceSample.Infrastructure\InsuranceSample.Infrastructure.csproj", "{F28D1C34-DF29-471F-A8C7-1196A5571299}"
EndProject
Global
	GlobalSection(SolutionConfigurationPlatforms) = preSolution
		Debug|Any CPU = Debug|Any CPU
		Release|Any CPU = Release|Any CPU
	EndGlobalSection
	GlobalSection(ProjectConfigurationPlatforms) = postSolution
		{1B9E4FD5-49F2-4DAE-A77D-AD367F35835D}.Debug|Any CPU.ActiveCfg = Debug|Any CPU
		{1B9E4FD5-49F2-4DAE-A77D-AD367F35835D}.Debug|Any CPU.Build.0 = Debug|Any CPU
		{1B9E4FD5-49F2-4DAE-A77D-AD367F35835D}.Release|Any CPU.ActiveCfg = Release|Any CPU
		{1B9E4FD5-49F2-4DAE-A77D-AD367F35835D}.Release|Any CPU.Build.0 = Release|Any CPU
		{4E68FE6C-EC93-478A-89A3-13AC09C99C81}.Debug|Any CPU.ActiveCfg = Debug|Any CPU
		{4E68FE6C-EC93-478A-89A3-13AC09C99C81}.Debug|Any CPU.Build.0 = Debug|Any CPU
		{4E68FE6C-EC93-478A-89A3-13AC09C99C81}.Release|Any CPU.ActiveCfg = Release|Any CPU
		{4E68FE6C-EC93-478A-89A3-13AC09C99C81}.Release|Any CPU.Build.0 = Release|Any CPU
		{F28D1C34-DF29-471F-A8C7-1196A5571299}.Debug|Any CPU.ActiveCfg = Debug|Any CPU
		{F28D1C34-DF29-471F-A8C7-1196A5571299}.Debug|Any CPU.Build.0 = Debug|Any CPU
		{F28D1C34-DF29-471F-A8C7-1196A5571299}.Release|Any CPU.ActiveCfg = Release|Any CPU
		{F28D1C34-DF29-471F-A8C7-1196A5571299}.Release|Any CPU.Build.0 = Release|Any CPU
	EndGlobalSection
	GlobalSection(SolutionProperties) = preSolution
		HideSolutionNode = FALSE
	EndGlobalSection
	GlobalSection(ExtensibilityGlobals) = postSolution
		SolutionGuid = {4912F269-5E96-4BED-9139-46F80031DA74}
	EndGlobalSection
EndGlobal
