
Microsoft Visual Studio Solution File, Format Version 12.00
# Visual Studio 15
VisualStudioVersion = 15.0.27130.2026
MinimumVisualStudioVersion = 10.0.40219.1
Project("{FAE04EC0-301F-11D3-BF4B-00C04F79EFBC}") = "GAP.InsuranceSample.BusinessLogic", "GAP.InsuranceSample.BusinessLogic\GAP.InsuranceSample.BusinessLogic.csproj", "{B901CB39-0C7C-4F21-AFA9-0938C42501C6}"
EndProject
Project("{FAE04EC0-301F-11D3-BF4B-00C04F79EFBC}") = "GAP.InsuranceSample.DataAccess", "GAP.InsuranceSample.DataAccess\GAP.InsuranceSample.DataAccess.csproj", "{D713E714-03EA-4BC1-AE85-79D51185D0EE}"
EndProject
Global
	GlobalSection(SolutionConfigurationPlatforms) = preSolution
		Debug|Any CPU = Debug|Any CPU
		Release|Any CPU = Release|Any CPU
	EndGlobalSection
	GlobalSection(ProjectConfigurationPlatforms) = postSolution
		{B901CB39-0C7C-4F21-AFA9-0938C42501C6}.Debug|Any CPU.ActiveCfg = Debug|Any CPU
		{B901CB39-0C7C-4F21-AFA9-0938C42501C6}.Debug|Any CPU.Build.0 = Debug|Any CPU
		{B901CB39-0C7C-4F21-AFA9-0938C42501C6}.Release|Any CPU.ActiveCfg = Release|Any CPU
		{B901CB39-0C7C-4F21-AFA9-0938C42501C6}.Release|Any CPU.Build.0 = Release|Any CPU
		{D713E714-03EA-4BC1-AE85-79D51185D0EE}.Debug|Any CPU.ActiveCfg = Debug|Any CPU
		{D713E714-03EA-4BC1-AE85-79D51185D0EE}.Debug|Any CPU.Build.0 = Debug|Any CPU
		{D713E714-03EA-4BC1-AE85-79D51185D0EE}.Release|Any CPU.ActiveCfg = Release|Any CPU
		{D713E714-03EA-4BC1-AE85-79D51185D0EE}.Release|Any CPU.Build.0 = Release|Any CPU
	EndGlobalSection
	GlobalSection(SolutionProperties) = preSolution
		HideSolutionNode = FALSE
	EndGlobalSection
	GlobalSection(ExtensibilityGlobals) = postSolution
		SolutionGuid = {3284E6F9-622D-45FA-88C0-71AB16CA581E}
	EndGlobalSection
EndGlobal
